
Microsoft Visual Studio Solution File, Format Version 12.00
# Visual Studio Version 17
VisualStudioVersion = 17.0.32002.185
MinimumVisualStudioVersion = 10.0.40219.1
Project("{FAE04EC0-301F-11D3-BF4B-00C04F79EFBC}") = "Figure", "Figure.csproj", "{C245471C-A56F-42E9-99C6-71F4A533A556}"
EndProject
Project("{FAE04EC0-301F-11D3-BF4B-00C04F79EFBC}") = "FigureTests", "..\AreaPerimTest\FigureTests.csproj", "{E2CE6F26-FCA0-4AE6-99D2-8927F966932E}"
EndProject
Global
	GlobalSection(SolutionConfigurationPlatforms) = preSolution
		Debug|Any CPU = Debug|Any CPU
		Release|Any CPU = Release|Any CPU
	EndGlobalSection
	GlobalSection(ProjectConfigurationPlatforms) = postSolution
		{C245471C-A56F-42E9-99C6-71F4A533A556}.Debug|Any CPU.ActiveCfg = Debug|Any CPU
		{C245471C-A56F-42E9-99C6-71F4A533A556}.Debug|Any CPU.Build.0 = Debug|Any CPU
		{C245471C-A56F-42E9-99C6-71F4A533A556}.Release|Any CPU.ActiveCfg = Release|Any CPU
		{C245471C-A56F-42E9-99C6-71F4A533A556}.Release|Any CPU.Build.0 = Release|Any CPU
		{E2CE6F26-FCA0-4AE6-99D2-8927F966932E}.Debug|Any CPU.ActiveCfg = Debug|Any CPU
		{E2CE6F26-FCA0-4AE6-99D2-8927F966932E}.Debug|Any CPU.Build.0 = Debug|Any CPU
		{E2CE6F26-FCA0-4AE6-99D2-8927F966932E}.Release|Any CPU.ActiveCfg = Release|Any CPU
		{E2CE6F26-FCA0-4AE6-99D2-8927F966932E}.Release|Any CPU.Build.0 = Release|Any CPU
	EndGlobalSection
	GlobalSection(SolutionProperties) = preSolution
		HideSolutionNode = FALSE
	EndGlobalSection
	GlobalSection(ExtensibilityGlobals) = postSolution
		SolutionGuid = {ED4CEB71-3863-4C8F-B0A4-D1096315D277}
	EndGlobalSection
EndGlobal
