
Microsoft Visual Studio Solution File, Format Version 12.00
# Visual Studio Version 17
VisualStudioVersion = 17.0.32002.185
MinimumVisualStudioVersion = 10.0.40219.1
Project("{FAE04EC0-301F-11D3-BF4B-00C04F79EFBC}") = "Lab6B", "Lab6B.csproj", "{242B75CE-6E6F-43B5-BADB-CC5AA585219F}"
EndProject
Global
	GlobalSection(SolutionConfigurationPlatforms) = preSolution
		Debug|Any CPU = Debug|Any CPU
		Release|Any CPU = Release|Any CPU
	EndGlobalSection
	GlobalSection(ProjectConfigurationPlatforms) = postSolution
		{242B75CE-6E6F-43B5-BADB-CC5AA585219F}.Debug|Any CPU.ActiveCfg = Debug|Any CPU
		{242B75CE-6E6F-43B5-BADB-CC5AA585219F}.Debug|Any CPU.Build.0 = Debug|Any CPU
		{242B75CE-6E6F-43B5-BADB-CC5AA585219F}.Release|Any CPU.ActiveCfg = Release|Any CPU
		{242B75CE-6E6F-43B5-BADB-CC5AA585219F}.Release|Any CPU.Build.0 = Release|Any CPU
	EndGlobalSection
	GlobalSection(SolutionProperties) = preSolution
		HideSolutionNode = FALSE
	EndGlobalSection
	GlobalSection(ExtensibilityGlobals) = postSolution
		SolutionGuid = {14C496D1-53A8-43D8-B127-AE830E9FC139}
	EndGlobalSection
EndGlobal
