
Microsoft Visual Studio Solution File, Format Version 12.00
# Visual Studio Version 17
VisualStudioVersion = 17.0.32002.185
MinimumVisualStudioVersion = 10.0.40219.1
Project("{FAE04EC0-301F-11D3-BF4B-00C04F79EFBC}") = "Laba18_Server", "Laba18_Server.csproj", "{2F3A511F-CC86-41F6-97E3-78E893DE68BB}"
EndProject
Global
	GlobalSection(SolutionConfigurationPlatforms) = preSolution
		Debug|Any CPU = Debug|Any CPU
		Release|Any CPU = Release|Any CPU
	EndGlobalSection
	GlobalSection(ProjectConfigurationPlatforms) = postSolution
		{2F3A511F-CC86-41F6-97E3-78E893DE68BB}.Debug|Any CPU.ActiveCfg = Debug|Any CPU
		{2F3A511F-CC86-41F6-97E3-78E893DE68BB}.Debug|Any CPU.Build.0 = Debug|Any CPU
		{2F3A511F-CC86-41F6-97E3-78E893DE68BB}.Release|Any CPU.ActiveCfg = Release|Any CPU
		{2F3A511F-CC86-41F6-97E3-78E893DE68BB}.Release|Any CPU.Build.0 = Release|Any CPU
	EndGlobalSection
	GlobalSection(SolutionProperties) = preSolution
		HideSolutionNode = FALSE
	EndGlobalSection
	GlobalSection(ExtensibilityGlobals) = postSolution
		SolutionGuid = {235A6A94-0E35-4D06-8959-CD3A4B7EBC35}
	EndGlobalSection
EndGlobal
