
Microsoft Visual Studio Solution File, Format Version 12.00
# Visual Studio Version 17
VisualStudioVersion = 17.0.32002.185
MinimumVisualStudioVersion = 10.0.40219.1
Project("{FAE04EC0-301F-11D3-BF4B-00C04F79EFBC}") = "Laba14_A", "Laba14_A.csproj", "{83091A3C-2FF3-46B2-8422-24A48C10CCE5}"
EndProject
Global
	GlobalSection(SolutionConfigurationPlatforms) = preSolution
		Debug|Any CPU = Debug|Any CPU
		Release|Any CPU = Release|Any CPU
	EndGlobalSection
	GlobalSection(ProjectConfigurationPlatforms) = postSolution
		{83091A3C-2FF3-46B2-8422-24A48C10CCE5}.Debug|Any CPU.ActiveCfg = Debug|Any CPU
		{83091A3C-2FF3-46B2-8422-24A48C10CCE5}.Debug|Any CPU.Build.0 = Debug|Any CPU
		{83091A3C-2FF3-46B2-8422-24A48C10CCE5}.Release|Any CPU.ActiveCfg = Release|Any CPU
		{83091A3C-2FF3-46B2-8422-24A48C10CCE5}.Release|Any CPU.Build.0 = Release|Any CPU
	EndGlobalSection
	GlobalSection(SolutionProperties) = preSolution
		HideSolutionNode = FALSE
	EndGlobalSection
	GlobalSection(ExtensibilityGlobals) = postSolution
		SolutionGuid = {FB271536-B85F-42A8-A2AC-738D996CBC2D}
	EndGlobalSection
EndGlobal
