
Microsoft Visual Studio Solution File, Format Version 12.00
# Visual Studio Version 17
VisualStudioVersion = 17.6.33723.286
MinimumVisualStudioVersion = 10.0.40219.1
Project("{FAE04EC0-301F-11D3-BF4B-00C04F79EFBC}") = "TheatreApp", "TheatreApp.csproj", "{D4F82832-AA38-4D40-B506-3E3BF37246D4}"
EndProject
Global
	GlobalSection(SolutionConfigurationPlatforms) = preSolution
		Debug|Any CPU = Debug|Any CPU
		Release|Any CPU = Release|Any CPU
	EndGlobalSection
	GlobalSection(ProjectConfigurationPlatforms) = postSolution
		{D4F82832-AA38-4D40-B506-3E3BF37246D4}.Debug|Any CPU.ActiveCfg = Debug|Any CPU
		{D4F82832-AA38-4D40-B506-3E3BF37246D4}.Debug|Any CPU.Build.0 = Debug|Any CPU
		{D4F82832-AA38-4D40-B506-3E3BF37246D4}.Release|Any CPU.ActiveCfg = Release|Any CPU
		{D4F82832-AA38-4D40-B506-3E3BF37246D4}.Release|Any CPU.Build.0 = Release|Any CPU
	EndGlobalSection
	GlobalSection(SolutionProperties) = preSolution
		HideSolutionNode = FALSE
	EndGlobalSection
	GlobalSection(ExtensibilityGlobals) = postSolution
		SolutionGuid = {E2B379B0-8387-45EC-8C12-0D973ED11B93}
	EndGlobalSection
EndGlobal
