
Microsoft Visual Studio Solution File, Format Version 12.00
# Visual Studio Version 17
VisualStudioVersion = 17.0.32002.185
MinimumVisualStudioVersion = 10.0.40219.1
Project("{FAE04EC0-301F-11D3-BF4B-00C04F79EFBC}") = "TheatreAppCurs", "TheatreAppCurs.csproj", "{93D09BC3-8FFE-4282-9ECB-FA75F204E080}"
EndProject
Global
	GlobalSection(SolutionConfigurationPlatforms) = preSolution
		Debug|Any CPU = Debug|Any CPU
		Release|Any CPU = Release|Any CPU
	EndGlobalSection
	GlobalSection(ProjectConfigurationPlatforms) = postSolution
		{93D09BC3-8FFE-4282-9ECB-FA75F204E080}.Debug|Any CPU.ActiveCfg = Debug|Any CPU
		{93D09BC3-8FFE-4282-9ECB-FA75F204E080}.Debug|Any CPU.Build.0 = Debug|Any CPU
		{93D09BC3-8FFE-4282-9ECB-FA75F204E080}.Release|Any CPU.ActiveCfg = Release|Any CPU
		{93D09BC3-8FFE-4282-9ECB-FA75F204E080}.Release|Any CPU.Build.0 = Release|Any CPU
	EndGlobalSection
	GlobalSection(SolutionProperties) = preSolution
		HideSolutionNode = FALSE
	EndGlobalSection
	GlobalSection(ExtensibilityGlobals) = postSolution
		SolutionGuid = {3EF6C95C-CE26-4199-906F-781A12F065FD}
	EndGlobalSection
EndGlobal
